
Microsoft Visual Studio Solution File, Format Version 12.00
# Visual Studio Version 17
VisualStudioVersion = 17.14.36811.4 d17.14
MinimumVisualStudioVersion = 10.0.40219.1
Project("{FAE04EC0-301F-11D3-BF4B-00C04F79EFBC}") = "AiubBusManagementSystem", "AiubBusManagementSystem\AiubBusManagementSystem.csproj", "{63C2672B-80D0-4D31-894C-D2B5572E3406}"
EndProject
Global
	GlobalSection(SolutionConfigurationPlatforms) = preSolution
		Debug|Any CPU = Debug|Any CPU
		Release|Any CPU = Release|Any CPU
	EndGlobalSection
	GlobalSection(ProjectConfigurationPlatforms) = postSolution
		{63C2672B-80D0-4D31-894C-D2B5572E3406}.Debug|Any CPU.ActiveCfg = Debug|Any CPU
		{63C2672B-80D0-4D31-894C-D2B5572E3406}.Debug|Any CPU.Build.0 = Debug|Any CPU
		{63C2672B-80D0-4D31-894C-D2B5572E3406}.Release|Any CPU.ActiveCfg = Release|Any CPU
		{63C2672B-80D0-4D31-894C-D2B5572E3406}.Release|Any CPU.Build.0 = Release|Any CPU
	EndGlobalSection
	GlobalSection(SolutionProperties) = preSolution
		HideSolutionNode = FALSE
	EndGlobalSection
	GlobalSection(ExtensibilityGlobals) = postSolution
		SolutionGuid = {1ABFC57C-DC62-4658-9D59-FE1AD8A74896}
	EndGlobalSection
EndGlobal
